
Microsoft Visual Studio Solution File, Format Version 12.00
# Visual Studio Version 17
VisualStudioVersion = 17.5.33627.172
MinimumVisualStudioVersion = 10.0.40219.1
Project("{FAE04EC0-301F-11D3-BF4B-00C04F79EFBC}") = "RecipeApp2", "RecipeApp2.csproj", "{F6E0A293-CA7D-4066-BC1C-6EFE79F0280F}"
EndProject
Project("{FAE04EC0-301F-11D3-BF4B-00C04F79EFBC}") = "RecipeApp2Tests", "RecipeApp2Tests\RecipeApp2Tests.csproj", "{3EADDE58-510D-470F-BB66-B1FEE5FC171E}"
EndProject
Global
	GlobalSection(SolutionConfigurationPlatforms) = preSolution
		Debug|Any CPU = Debug|Any CPU
		Release|Any CPU = Release|Any CPU
	EndGlobalSection
	GlobalSection(ProjectConfigurationPlatforms) = postSolution
		{F6E0A293-CA7D-4066-BC1C-6EFE79F0280F}.Debug|Any CPU.ActiveCfg = Debug|Any CPU
		{F6E0A293-CA7D-4066-BC1C-6EFE79F0280F}.Debug|Any CPU.Build.0 = Debug|Any CPU
		{F6E0A293-CA7D-4066-BC1C-6EFE79F0280F}.Release|Any CPU.ActiveCfg = Release|Any CPU
		{F6E0A293-CA7D-4066-BC1C-6EFE79F0280F}.Release|Any CPU.Build.0 = Release|Any CPU
		{3EADDE58-510D-470F-BB66-B1FEE5FC171E}.Debug|Any CPU.ActiveCfg = Debug|Any CPU
		{3EADDE58-510D-470F-BB66-B1FEE5FC171E}.Debug|Any CPU.Build.0 = Debug|Any CPU
		{3EADDE58-510D-470F-BB66-B1FEE5FC171E}.Release|Any CPU.ActiveCfg = Release|Any CPU
		{3EADDE58-510D-470F-BB66-B1FEE5FC171E}.Release|Any CPU.Build.0 = Release|Any CPU
	EndGlobalSection
	GlobalSection(SolutionProperties) = preSolution
		HideSolutionNode = FALSE
	EndGlobalSection
	GlobalSection(ExtensibilityGlobals) = postSolution
		SolutionGuid = {12CDF76D-D51A-40F5-B56B-D53C6A13789E}
	EndGlobalSection
EndGlobal
