
Microsoft Visual Studio Solution File, Format Version 12.00
# Visual Studio Version 17
VisualStudioVersion = 17.6.33717.318
MinimumVisualStudioVersion = 10.0.40219.1
Project("{FAE04EC0-301F-11D3-BF4B-00C04F79EFBC}") = "RecipeApp3", "RecipeApp3.csproj", "{A34BFF74-AC36-460E-B42E-C35C5D29746C}"
EndProject
Global
	GlobalSection(SolutionConfigurationPlatforms) = preSolution
		Debug|Any CPU = Debug|Any CPU
		Release|Any CPU = Release|Any CPU
	EndGlobalSection
	GlobalSection(ProjectConfigurationPlatforms) = postSolution
		{A34BFF74-AC36-460E-B42E-C35C5D29746C}.Debug|Any CPU.ActiveCfg = Debug|Any CPU
		{A34BFF74-AC36-460E-B42E-C35C5D29746C}.Debug|Any CPU.Build.0 = Debug|Any CPU
		{A34BFF74-AC36-460E-B42E-C35C5D29746C}.Release|Any CPU.ActiveCfg = Release|Any CPU
		{A34BFF74-AC36-460E-B42E-C35C5D29746C}.Release|Any CPU.Build.0 = Release|Any CPU
	EndGlobalSection
	GlobalSection(SolutionProperties) = preSolution
		HideSolutionNode = FALSE
	EndGlobalSection
	GlobalSection(ExtensibilityGlobals) = postSolution
		SolutionGuid = {2FE1387F-C9C6-4D78-BBFE-217AB6A41E39}
	EndGlobalSection
EndGlobal
